<?xml version="1.0" encoding="utf-8"?>
<Project ToolsVersion="4.0" xmlns="http://schemas.microsoft.com/developer/msbuild/2003">
  <ItemGroup>
    <FxCompile Include="..\shaders\ColliderPS.hlsl" />
    <FxCompile Include="..\shaders\PixelShader.hlsl" />
    <FxCompile Include="..\shaders\ShipPS.hlsl" />
    <FxCompile Include="..\shaders\ShipVS.hlsl" />
    <FxCompile Include="..\shaders\SkyboxPixel.hlsl" />
    <FxCompile Include="..\shaders\SkyboxVertex.hlsl" />
    <FxCompile Include="..\shaders\VertexShader.hlsl" />
  </ItemGroup>
  <ItemGroup>
    <ClCompile Include="..\src\Camera.cpp" />
    <ClCompile Include="..\src\CameraManager.cpp" />
    <ClCompile Include="..\src\ClearSystem.cpp" />
    <ClCompile Include="..\src\CollisionSphere.cpp" />
    <ClCompile Include="..\src\Component.cpp" />
    <ClCompile Include="..\src\DebugCamera.cpp" />
    <ClCompile Include="..\src\DirectXGameCore.cpp" />
    <ClCompile Include="..\src\dxerr.cpp" />
    <ClCompile Include="..\src\EventManager.cpp" />
    <ClCompile Include="..\src\ExitState.cpp" />
    <ClCompile Include="..\src\GameState.cpp" />
    <ClCompile Include="..\src\InputManager.cpp" />
    <ClCompile Include="..\src\main.cpp" />
    <ClCompile Include="..\src\Material.cpp" />
    <ClCompile Include="..\src\MenuState.cpp" />
    <ClCompile Include="..\src\Mesh.cpp" />
    <ClCompile Include="..\src\PhysicsSystem.cpp" />
    <ClCompile Include="..\src\RenderSystem.cpp" />
    <ClCompile Include="..\src\ResourceManager.cpp" />
    <ClCompile Include="..\src\SimpleShader.cpp" />
    <ClCompile Include="..\src\SkyboxSystem.cpp" />
    <ClCompile Include="..\src\SwapSystem.cpp" />
    <ClCompile Include="..\src\System.cpp" />
    <ClCompile Include="..\src\Transform.cpp" />
    <ClCompile Include="..\src\InputControllerSystem.cpp" />
    <ClCompile Include="..\src\ScriptSystem.cpp" />
    <ClCompile Include="..\src\CollisionSystem.cpp" />
  </ItemGroup>
  <ItemGroup>
    <ClInclude Include="..\include\Camera.h" />
    <ClInclude Include="..\include\CameraManager.h" />
    <ClInclude Include="..\include\ClearSystem.h" />
    <ClInclude Include="..\include\CollisionComponent.h" />
    <ClInclude Include="..\include\CollisionSphere.h" />
    <ClInclude Include="..\include\Component.h" />
    <ClInclude Include="..\include\DebugCamera.h" />
    <ClInclude Include="..\include\DirectXGameCore.h" />
    <ClInclude Include="..\include\dxerr.h" />
    <ClInclude Include="..\include\DXMacros.h" />
    <ClInclude Include="..\include\EntityManager.h" />
    <ClInclude Include="..\include\EventManager.h" />
    <ClInclude Include="..\include\ExitState.h" />
    <ClInclude Include="..\include\GameEntity.h" />
    <ClInclude Include="..\include\GameState.h" />
    <ClInclude Include="..\include\GameStates.h" />
    <ClInclude Include="..\include\IEventListener.h" />
    <ClInclude Include="..\include\IGameState.h" />
    <ClInclude Include="..\include\InputComponent.h" />
    <ClInclude Include="..\include\InputManager.h" />
    <ClInclude Include="..\include\json.h" />
    <ClInclude Include="..\include\LightComponent.h" />
    <ClInclude Include="..\include\Material.h" />
    <ClInclude Include="..\include\MenuState.h" />
    <ClInclude Include="..\include\Mesh.h" />
    <ClInclude Include="..\include\PhysicsComponent.h" />
    <ClInclude Include="..\include\PhysicsSystem.h" />
    <ClInclude Include="..\include\RenderComponent.h" />
    <ClInclude Include="..\include\RenderSystem.h" />
    <ClInclude Include="..\include\ResourceManager.h" />
    <ClInclude Include="..\include\SimpleShader.h" />
    <ClInclude Include="..\include\Singleton.h" />
    <ClInclude Include="..\include\SkyboxSystem.h" />
    <ClInclude Include="..\include\StateMachine.h" />
    <ClInclude Include="..\include\SwapSystem.h" />
    <ClInclude Include="..\include\System.h" />
    <ClInclude Include="..\include\Transform.h" />
    <ClInclude Include="..\include\TransformComponent.h" />
    <ClInclude Include="..\include\Vertex.h" />
    <ClInclude Include="..\include\InputControllerSystem.h" />
    <ClInclude Include="..\include\ScriptComponent.h" />
    <ClInclude Include="..\include\AutoDestructScript.h" />
    <ClInclude Include="..\include\ScriptSystem.h" />
    <ClInclude Include="..\include\Script.h" />
    <ClInclude Include="..\include\CollisionSystem.h" />
    <ClInclude Include="..\include\IScript.h" />
  </ItemGroup>
  <ItemGroup>
    <None Include="packages.config" />
  </ItemGroup>
</Project>